
Microsoft Visual Studio Solution File, Format Version 12.00
# Visual Studio Version 16
VisualStudioVersion = 16.0.29409.12
MinimumVisualStudioVersion = 10.0.40219.1
Project("{9A19103F-16F7-4668-BE54-9A1E7A4F7556}") = "SAG2", "SAG2\SAG2.csproj", "{3C8F7EA7-5D29-4FF7-A602-90A7673A6391}"
EndProject
Project("{FAE04EC0-301F-11D3-BF4B-00C04F79EFBC}") = "SAG2Tests", "SAG2Tests\SAG2Tests.csproj", "{8922DF38-4317-42D7-89EA-47798CB4ADB3}"
EndProject
Global
	GlobalSection(SolutionConfigurationPlatforms) = preSolution
		Debug|Any CPU = Debug|Any CPU
		Release|Any CPU = Release|Any CPU
	EndGlobalSection
	GlobalSection(ProjectConfigurationPlatforms) = postSolution
		{3C8F7EA7-5D29-4FF7-A602-90A7673A6391}.Debug|Any CPU.ActiveCfg = Debug|Any CPU
		{3C8F7EA7-5D29-4FF7-A602-90A7673A6391}.Debug|Any CPU.Build.0 = Debug|Any CPU
		{3C8F7EA7-5D29-4FF7-A602-90A7673A6391}.Release|Any CPU.ActiveCfg = Release|Any CPU
		{3C8F7EA7-5D29-4FF7-A602-90A7673A6391}.Release|Any CPU.Build.0 = Release|Any CPU
		{8922DF38-4317-42D7-89EA-47798CB4ADB3}.Debug|Any CPU.ActiveCfg = Debug|Any CPU
		{8922DF38-4317-42D7-89EA-47798CB4ADB3}.Debug|Any CPU.Build.0 = Debug|Any CPU
		{8922DF38-4317-42D7-89EA-47798CB4ADB3}.Release|Any CPU.ActiveCfg = Release|Any CPU
		{8922DF38-4317-42D7-89EA-47798CB4ADB3}.Release|Any CPU.Build.0 = Release|Any CPU
	EndGlobalSection
	GlobalSection(SolutionProperties) = preSolution
		HideSolutionNode = FALSE
	EndGlobalSection
	GlobalSection(ExtensibilityGlobals) = postSolution
		SolutionGuid = {387D97F6-14B8-4ABF-BB6A-C6EBB6FB494B}
	EndGlobalSection
EndGlobal
